
Microsoft Visual Studio Solution File, Format Version 12.00
# Visual Studio Version 16
VisualStudioVersion = 16.0.29306.81
MinimumVisualStudioVersion = 10.0.40219.1
Project("{FAE04EC0-301F-11D3-BF4B-00C04F79EFBC}") = "View", "View\View.csproj", "{21521147-B040-4C1C-AA10-ABAF0F64731C}"
EndProject
Project("{FAE04EC0-301F-11D3-BF4B-00C04F79EFBC}") = "Model", "Model\Model.csproj", "{EAEDFE3F-2C2F-44D3-8E7F-33D57A481194}"
EndProject
Project("{FAE04EC0-301F-11D3-BF4B-00C04F79EFBC}") = "Controller", "Controller\Controller.csproj", "{69851DC1-BC24-47BD-9E4C-F6372C14C936}"
EndProject
Global
	GlobalSection(SolutionConfigurationPlatforms) = preSolution
		Debug|Any CPU = Debug|Any CPU
		Release|Any CPU = Release|Any CPU
	EndGlobalSection
	GlobalSection(ProjectConfigurationPlatforms) = postSolution
		{21521147-B040-4C1C-AA10-ABAF0F64731C}.Debug|Any CPU.ActiveCfg = Debug|Any CPU
		{21521147-B040-4C1C-AA10-ABAF0F64731C}.Debug|Any CPU.Build.0 = Debug|Any CPU
		{21521147-B040-4C1C-AA10-ABAF0F64731C}.Release|Any CPU.ActiveCfg = Release|Any CPU
		{21521147-B040-4C1C-AA10-ABAF0F64731C}.Release|Any CPU.Build.0 = Release|Any CPU
		{EAEDFE3F-2C2F-44D3-8E7F-33D57A481194}.Debug|Any CPU.ActiveCfg = Debug|Any CPU
		{EAEDFE3F-2C2F-44D3-8E7F-33D57A481194}.Debug|Any CPU.Build.0 = Debug|Any CPU
		{EAEDFE3F-2C2F-44D3-8E7F-33D57A481194}.Release|Any CPU.ActiveCfg = Release|Any CPU
		{EAEDFE3F-2C2F-44D3-8E7F-33D57A481194}.Release|Any CPU.Build.0 = Release|Any CPU
		{69851DC1-BC24-47BD-9E4C-F6372C14C936}.Debug|Any CPU.ActiveCfg = Debug|Any CPU
		{69851DC1-BC24-47BD-9E4C-F6372C14C936}.Debug|Any CPU.Build.0 = Debug|Any CPU
		{69851DC1-BC24-47BD-9E4C-F6372C14C936}.Release|Any CPU.ActiveCfg = Release|Any CPU
		{69851DC1-BC24-47BD-9E4C-F6372C14C936}.Release|Any CPU.Build.0 = Release|Any CPU
	EndGlobalSection
	GlobalSection(SolutionProperties) = preSolution
		HideSolutionNode = FALSE
	EndGlobalSection
	GlobalSection(ExtensibilityGlobals) = postSolution
		SolutionGuid = {219D4D40-29C4-43D0-A026-24413BEB6015}
	EndGlobalSection
EndGlobal
